
Microsoft Visual Studio Solution File, Format Version 12.00
# Visual Studio Version 16
VisualStudioVersion = 16.0.30204.135
MinimumVisualStudioVersion = 10.0.40219.1
Project("{FAE04EC0-301F-11D3-BF4B-00C04F79EFBC}") = "metagen", "metagen\metagen.csproj", "{E6F69C87-D5D1-4976-8B0C-9A39279B6B0D}"
EndProject
Global
	GlobalSection(SolutionConfigurationPlatforms) = preSolution
		Debug|Any CPU = Debug|Any CPU
		Release|Any CPU = Release|Any CPU
	EndGlobalSection
	GlobalSection(ProjectConfigurationPlatforms) = postSolution
		{E6F69C87-D5D1-4976-8B0C-9A39279B6B0D}.Debug|Any CPU.ActiveCfg = Debug|Any CPU
		{E6F69C87-D5D1-4976-8B0C-9A39279B6B0D}.Debug|Any CPU.Build.0 = Debug|Any CPU
		{E6F69C87-D5D1-4976-8B0C-9A39279B6B0D}.Release|Any CPU.ActiveCfg = Release|Any CPU
		{E6F69C87-D5D1-4976-8B0C-9A39279B6B0D}.Release|Any CPU.Build.0 = Release|Any CPU
	EndGlobalSection
	GlobalSection(SolutionProperties) = preSolution
		HideSolutionNode = FALSE
	EndGlobalSection
	GlobalSection(ExtensibilityGlobals) = postSolution
		SolutionGuid = {C0AE4FD9-D8E4-4B08-9F5B-7CDC908A2B9F}
	EndGlobalSection
EndGlobal
